
Microsoft Visual Studio Solution File, Format Version 12.00
# Visual Studio Version 16
VisualStudioVersion = 25.0.1700.0
MinimumVisualStudioVersion = 10.0.40219.1
Project("{FAE04EC0-301F-11D3-BF4B-00C04F79EFBC}") = "PaymentGateway.API", "source\PaymentGateway.API\PaymentGateway.API.csproj", "{901800DF-2108-4BCF-9BBB-E0302B751C9D}"
EndProject
Project("{2150E333-8FDC-42A3-9474-1A3956D46DE8}") = "PaymentGateway", "PaymentGateway", "{619DD646-8D77-4A41-879E-B286F940F40B}"
EndProject
Project("{2150E333-8FDC-42A3-9474-1A3956D46DE8}") = "Bank", "Bank", "{8024BD14-5B66-4147-9E1F-7362EA7DA590}"
EndProject
Project("{FAE04EC0-301F-11D3-BF4B-00C04F79EFBC}") = "CKOBank", "cko-bank\CKOBank\CKOBank.csproj", "{802D1BD6-E596-44EF-B59F-5B8DB2EB1946}"
EndProject
Project("{E53339B2-1760-4266-BCC7-CA923CBCF16C}") = "docker-compose", "docker-compose.dcproj", "{331E43E9-92D0-4CBE-8CAD-6AE83EA27EEE}"
EndProject
Project("{2150E333-8FDC-42A3-9474-1A3956D46DE8}") = "Tests", "Tests", "{1186790F-F131-42FD-8E74-2BA195C6E55C}"
EndProject
Project("{2150E333-8FDC-42A3-9474-1A3956D46DE8}") = "Unit", "Unit", "{9423C6B7-0CFB-41B3-9FBC-8C087AE0F7A4}"
EndProject
Project("{2150E333-8FDC-42A3-9474-1A3956D46DE8}") = "Integration", "Integration", "{61C0C475-D996-475E-9953-AF3962BD5283}"
EndProject
Project("{FAE04EC0-301F-11D3-BF4B-00C04F79EFBC}") = "PaymentGateway.API.Tests", "tests\unit\PaymentGateway.API.Tests\PaymentGateway.API.Tests.csproj", "{F4084C76-15AA-4E48-A882-662D286B40E8}"
EndProject
Project("{FAE04EC0-301F-11D3-BF4B-00C04F79EFBC}") = "Domain.Abstractions", "source\Domain.Abstractions\Domain.Abstractions.csproj", "{58426BED-13B6-4EF5-9341-3330C6799C8B}"
EndProject
Project("{FAE04EC0-301F-11D3-BF4B-00C04F79EFBC}") = "Domain.Models", "source\Domain.Models\Domain.Models.csproj", "{998AC1DA-B83D-4D17-A054-EB0D7711CCB7}"
EndProject
Project("{2150E333-8FDC-42A3-9474-1A3956D46DE8}") = "CardTokenizer", "CardTokenizer", "{732F8C86-BE00-44E9-91F1-66BC0F0B3882}"
EndProject
Project("{FAE04EC0-301F-11D3-BF4B-00C04F79EFBC}") = "CardTokenizer.API", "card-tokenizer\CardTokenizer.API\CardTokenizer.API.csproj", "{580A7B28-CC6D-410B-A7C8-EF7223E46899}"
EndProject
Project("{2150E333-8FDC-42A3-9474-1A3956D46DE8}") = "Build", "Build", "{885B5FFA-21E7-4C43-8DFF-DC900D5ABE71}"
EndProject
Project("{2150E333-8FDC-42A3-9474-1A3956D46DE8}") = "Migrations", "Migrations", "{001FB414-B2BB-42FD-83E9-7EB70483CFFD}"
EndProject
Project("{2150E333-8FDC-42A3-9474-1A3956D46DE8}") = "Mongo", "Mongo", "{F210C391-95EC-4792-B425-E7E64B4D30C4}"
	ProjectSection(SolutionItems) = preProject
		build\Migrations\Mongo\run-scripts.sh = build\Migrations\Mongo\run-scripts.sh
		build\Migrations\Mongo\00001_payments_createIndexes.js = build\Migrations\Mongo\00001_payments_createIndexes.js
		build\Migrations\Mongo\00002_payments_seed.js = build\Migrations\Mongo\00002_payments_seed.js
	EndProjectSection
EndProject
Project("{FAE04EC0-301F-11D3-BF4B-00C04F79EFBC}") = "Data.Repositories", "source\Data.Repositories\Data.Repositories.csproj", "{E758A121-41D8-4701-B5EA-78ED8811D214}"
EndProject
Project("{FAE04EC0-301F-11D3-BF4B-00C04F79EFBC}") = "Data.Gateways", "source\Data.Gateways\Data.Gateways.csproj", "{B140F984-3E34-4B5E-A422-9D1B8DEEB24B}"
EndProject
Project("{FAE04EC0-301F-11D3-BF4B-00C04F79EFBC}") = "payment-gateway-challenge.Integration.Tests", "tests\integration\payment-gateway-challenge.Integration.Tests\payment-gateway-challenge.Integration.Tests.csproj", "{82716975-AE14-4F77-AF0B-8C4B89B56FA9}"
EndProject
Project("{FAE04EC0-301F-11D3-BF4B-00C04F79EFBC}") = "Data.Repositories.Tests", "tests\unit\Data.Repositories.Tests\Data.Repositories.Tests.csproj", "{457C59F1-EF0A-4E69-8ACD-D99CCE8B32FE}"
EndProject
Global
	GlobalSection(SolutionConfigurationPlatforms) = preSolution
		Debug|Any CPU = Debug|Any CPU
		Release|Any CPU = Release|Any CPU
	EndGlobalSection
	GlobalSection(ProjectConfigurationPlatforms) = postSolution
		{901800DF-2108-4BCF-9BBB-E0302B751C9D}.Debug|Any CPU.ActiveCfg = Debug|Any CPU
		{901800DF-2108-4BCF-9BBB-E0302B751C9D}.Debug|Any CPU.Build.0 = Debug|Any CPU
		{901800DF-2108-4BCF-9BBB-E0302B751C9D}.Release|Any CPU.ActiveCfg = Release|Any CPU
		{901800DF-2108-4BCF-9BBB-E0302B751C9D}.Release|Any CPU.Build.0 = Release|Any CPU
		{802D1BD6-E596-44EF-B59F-5B8DB2EB1946}.Debug|Any CPU.ActiveCfg = Debug|Any CPU
		{802D1BD6-E596-44EF-B59F-5B8DB2EB1946}.Debug|Any CPU.Build.0 = Debug|Any CPU
		{802D1BD6-E596-44EF-B59F-5B8DB2EB1946}.Release|Any CPU.ActiveCfg = Release|Any CPU
		{802D1BD6-E596-44EF-B59F-5B8DB2EB1946}.Release|Any CPU.Build.0 = Release|Any CPU
		{331E43E9-92D0-4CBE-8CAD-6AE83EA27EEE}.Debug|Any CPU.ActiveCfg = Debug|Any CPU
		{331E43E9-92D0-4CBE-8CAD-6AE83EA27EEE}.Debug|Any CPU.Build.0 = Debug|Any CPU
		{331E43E9-92D0-4CBE-8CAD-6AE83EA27EEE}.Release|Any CPU.ActiveCfg = Release|Any CPU
		{331E43E9-92D0-4CBE-8CAD-6AE83EA27EEE}.Release|Any CPU.Build.0 = Release|Any CPU
		{F4084C76-15AA-4E48-A882-662D286B40E8}.Debug|Any CPU.ActiveCfg = Debug|Any CPU
		{F4084C76-15AA-4E48-A882-662D286B40E8}.Debug|Any CPU.Build.0 = Debug|Any CPU
		{F4084C76-15AA-4E48-A882-662D286B40E8}.Release|Any CPU.ActiveCfg = Release|Any CPU
		{F4084C76-15AA-4E48-A882-662D286B40E8}.Release|Any CPU.Build.0 = Release|Any CPU
		{58426BED-13B6-4EF5-9341-3330C6799C8B}.Debug|Any CPU.ActiveCfg = Debug|Any CPU
		{58426BED-13B6-4EF5-9341-3330C6799C8B}.Debug|Any CPU.Build.0 = Debug|Any CPU
		{58426BED-13B6-4EF5-9341-3330C6799C8B}.Release|Any CPU.ActiveCfg = Release|Any CPU
		{58426BED-13B6-4EF5-9341-3330C6799C8B}.Release|Any CPU.Build.0 = Release|Any CPU
		{998AC1DA-B83D-4D17-A054-EB0D7711CCB7}.Debug|Any CPU.ActiveCfg = Debug|Any CPU
		{998AC1DA-B83D-4D17-A054-EB0D7711CCB7}.Debug|Any CPU.Build.0 = Debug|Any CPU
		{998AC1DA-B83D-4D17-A054-EB0D7711CCB7}.Release|Any CPU.ActiveCfg = Release|Any CPU
		{998AC1DA-B83D-4D17-A054-EB0D7711CCB7}.Release|Any CPU.Build.0 = Release|Any CPU
		{580A7B28-CC6D-410B-A7C8-EF7223E46899}.Debug|Any CPU.ActiveCfg = Debug|Any CPU
		{580A7B28-CC6D-410B-A7C8-EF7223E46899}.Debug|Any CPU.Build.0 = Debug|Any CPU
		{580A7B28-CC6D-410B-A7C8-EF7223E46899}.Release|Any CPU.ActiveCfg = Release|Any CPU
		{580A7B28-CC6D-410B-A7C8-EF7223E46899}.Release|Any CPU.Build.0 = Release|Any CPU
		{E758A121-41D8-4701-B5EA-78ED8811D214}.Debug|Any CPU.ActiveCfg = Debug|Any CPU
		{E758A121-41D8-4701-B5EA-78ED8811D214}.Debug|Any CPU.Build.0 = Debug|Any CPU
		{E758A121-41D8-4701-B5EA-78ED8811D214}.Release|Any CPU.ActiveCfg = Release|Any CPU
		{E758A121-41D8-4701-B5EA-78ED8811D214}.Release|Any CPU.Build.0 = Release|Any CPU
		{B140F984-3E34-4B5E-A422-9D1B8DEEB24B}.Debug|Any CPU.ActiveCfg = Debug|Any CPU
		{B140F984-3E34-4B5E-A422-9D1B8DEEB24B}.Debug|Any CPU.Build.0 = Debug|Any CPU
		{B140F984-3E34-4B5E-A422-9D1B8DEEB24B}.Release|Any CPU.ActiveCfg = Release|Any CPU
		{B140F984-3E34-4B5E-A422-9D1B8DEEB24B}.Release|Any CPU.Build.0 = Release|Any CPU
		{82716975-AE14-4F77-AF0B-8C4B89B56FA9}.Debug|Any CPU.ActiveCfg = Debug|Any CPU
		{82716975-AE14-4F77-AF0B-8C4B89B56FA9}.Debug|Any CPU.Build.0 = Debug|Any CPU
		{82716975-AE14-4F77-AF0B-8C4B89B56FA9}.Release|Any CPU.ActiveCfg = Release|Any CPU
		{82716975-AE14-4F77-AF0B-8C4B89B56FA9}.Release|Any CPU.Build.0 = Release|Any CPU
		{457C59F1-EF0A-4E69-8ACD-D99CCE8B32FE}.Debug|Any CPU.ActiveCfg = Debug|Any CPU
		{457C59F1-EF0A-4E69-8ACD-D99CCE8B32FE}.Debug|Any CPU.Build.0 = Debug|Any CPU
		{457C59F1-EF0A-4E69-8ACD-D99CCE8B32FE}.Release|Any CPU.ActiveCfg = Release|Any CPU
		{457C59F1-EF0A-4E69-8ACD-D99CCE8B32FE}.Release|Any CPU.Build.0 = Release|Any CPU
	EndGlobalSection
	GlobalSection(SolutionProperties) = preSolution
		HideSolutionNode = FALSE
	EndGlobalSection
	GlobalSection(ExtensibilityGlobals) = postSolution
		SolutionGuid = {723DBDED-FEB0-4C37-A472-29369FE03C84}
	EndGlobalSection
	GlobalSection(NestedProjects) = preSolution
		{901800DF-2108-4BCF-9BBB-E0302B751C9D} = {619DD646-8D77-4A41-879E-B286F940F40B}
		{802D1BD6-E596-44EF-B59F-5B8DB2EB1946} = {8024BD14-5B66-4147-9E1F-7362EA7DA590}
		{9423C6B7-0CFB-41B3-9FBC-8C087AE0F7A4} = {1186790F-F131-42FD-8E74-2BA195C6E55C}
		{61C0C475-D996-475E-9953-AF3962BD5283} = {1186790F-F131-42FD-8E74-2BA195C6E55C}
		{F4084C76-15AA-4E48-A882-662D286B40E8} = {9423C6B7-0CFB-41B3-9FBC-8C087AE0F7A4}
		{58426BED-13B6-4EF5-9341-3330C6799C8B} = {619DD646-8D77-4A41-879E-B286F940F40B}
		{998AC1DA-B83D-4D17-A054-EB0D7711CCB7} = {619DD646-8D77-4A41-879E-B286F940F40B}
		{580A7B28-CC6D-410B-A7C8-EF7223E46899} = {732F8C86-BE00-44E9-91F1-66BC0F0B3882}
		{001FB414-B2BB-42FD-83E9-7EB70483CFFD} = {885B5FFA-21E7-4C43-8DFF-DC900D5ABE71}
		{F210C391-95EC-4792-B425-E7E64B4D30C4} = {001FB414-B2BB-42FD-83E9-7EB70483CFFD}
		{E758A121-41D8-4701-B5EA-78ED8811D214} = {619DD646-8D77-4A41-879E-B286F940F40B}
		{B140F984-3E34-4B5E-A422-9D1B8DEEB24B} = {619DD646-8D77-4A41-879E-B286F940F40B}
		{82716975-AE14-4F77-AF0B-8C4B89B56FA9} = {61C0C475-D996-475E-9953-AF3962BD5283}
		{457C59F1-EF0A-4E69-8ACD-D99CCE8B32FE} = {9423C6B7-0CFB-41B3-9FBC-8C087AE0F7A4}
	EndGlobalSection
EndGlobal
